
Microsoft Visual Studio Solution File, Format Version 12.00
# Visual Studio Version 16
VisualStudioVersion = 16.0.30028.174
MinimumVisualStudioVersion = 10.0.40219.1
Project("{FAE04EC0-301F-11D3-BF4B-00C04F79EFBC}") = "ML-Baseball-FeatureImportanceColumnDrop", "ML-Baseball-FeatureImportanceColumnDrop\ML-Baseball-FeatureImportanceColumnDrop.csproj", "{5988A483-F109-4F29-A237-0045ACE6B4C9}"
EndProject
Global
	GlobalSection(SolutionConfigurationPlatforms) = preSolution
		Debug|Any CPU = Debug|Any CPU
		Release|Any CPU = Release|Any CPU
	EndGlobalSection
	GlobalSection(ProjectConfigurationPlatforms) = postSolution
		{5988A483-F109-4F29-A237-0045ACE6B4C9}.Debug|Any CPU.ActiveCfg = Debug|Any CPU
		{5988A483-F109-4F29-A237-0045ACE6B4C9}.Debug|Any CPU.Build.0 = Debug|Any CPU
		{5988A483-F109-4F29-A237-0045ACE6B4C9}.Release|Any CPU.ActiveCfg = Release|Any CPU
		{5988A483-F109-4F29-A237-0045ACE6B4C9}.Release|Any CPU.Build.0 = Release|Any CPU
	EndGlobalSection
	GlobalSection(SolutionProperties) = preSolution
		HideSolutionNode = FALSE
	EndGlobalSection
	GlobalSection(ExtensibilityGlobals) = postSolution
		SolutionGuid = {1E357BAE-2C98-4419-8DEC-50BF892C76C9}
	EndGlobalSection
EndGlobal
